
Microsoft Visual Studio Solution File, Format Version 12.00
# Visual Studio Version 16
VisualStudioVersion = 16.0.30907.101
MinimumVisualStudioVersion = 10.0.40219.1
Project("{FAE04EC0-301F-11D3-BF4B-00C04F79EFBC}") = "AppFuncional", "AppFuncional\AppFuncional.csproj", "{58B7F0BC-17DF-4695-ADE7-736A7F23D5C6}"
EndProject
Global
	GlobalSection(SolutionConfigurationPlatforms) = preSolution
		Debug|Any CPU = Debug|Any CPU
		Release|Any CPU = Release|Any CPU
	EndGlobalSection
	GlobalSection(ProjectConfigurationPlatforms) = postSolution
		{58B7F0BC-17DF-4695-ADE7-736A7F23D5C6}.Debug|Any CPU.ActiveCfg = Debug|Any CPU
		{58B7F0BC-17DF-4695-ADE7-736A7F23D5C6}.Debug|Any CPU.Build.0 = Debug|Any CPU
		{58B7F0BC-17DF-4695-ADE7-736A7F23D5C6}.Release|Any CPU.ActiveCfg = Release|Any CPU
		{58B7F0BC-17DF-4695-ADE7-736A7F23D5C6}.Release|Any CPU.Build.0 = Release|Any CPU
	EndGlobalSection
	GlobalSection(SolutionProperties) = preSolution
		HideSolutionNode = FALSE
	EndGlobalSection
	GlobalSection(ExtensibilityGlobals) = postSolution
		SolutionGuid = {6DD57712-6F19-45C7-9D61-A8AB048816D7}
	EndGlobalSection
EndGlobal
